// !$*UTF8*$!
{
	archiveVersion = 1;
	classes = {
	};
	objectVersion = 46;
	objects = {

/* Begin PBXBuildFile section */
		25DF376A79E5F66345A379933B453DAD /* Assets.xcassets in Resources */ = {isa = PBXBuildFile; fileRef = F4FC393B24FCB706BC0953CF1DE36917 /* Assets.xcassets */; };
		2B29C774A14C671504936CD9BD9CE541 /* LaunchScreen.storyboard in Resources */ = {isa = PBXBuildFile; fileRef = E91363827B71C3539216514BC7238B00 /* LaunchScreen.storyboard */; };
		333AB6764F8435417E5E995DF398F27D /* Main.storyboard in Resources */ = {isa = PBXBuildFile; fileRef = 599C63A0501A25C5FDCEB26FB873053A /* Main.storyboard */; };
		37D6D5BFF0A3F9E46EBF27BBF4A18969 /* Sweeper2Tests.swift in Sources */ = {isa = PBXBuildFile; fileRef = 7265FEDF08767491AA401D3E582F4579 /* Sweeper2Tests.swift */; };
		576C4D195A12F8F61E74A0FAA1773094 /* GameSquare.swift in Sources */ = {isa = PBXBuildFile; fileRef = 976CEB7F712C12F61F7FEA6E94BCDD17 /* GameSquare.swift */; };
		6B50F568CC25F526300674B54B0E99AE /* GameBoard.swift in Sources */ = {isa = PBXBuildFile; fileRef = D7E2442D781E1290415B24D6F1F91315 /* GameBoard.swift */; };
		702CAA95FACFD2DDC33F947CEE01FA30 /* GameSquareViewModel.swift in Sources */ = {isa = PBXBuildFile; fileRef = CDCFDC16463F4742DC5171573F793EBE /* GameSquareViewModel.swift */; };
		821052E2F65B5C8BD4892A261BEF544F /* GameSquareTests.swift in Sources */ = {isa = PBXBuildFile; fileRef = E43ACDEFFE0A593C8DD7F47771BC62F0 /* GameSquareTests.swift */; };
		8E557B6FA947E2D3A82803A2A373857E /* TestableGameSquare.swift in Sources */ = {isa = PBXBuildFile; fileRef = F42F92ED9E6FE3176BBF064F2BF41FDD /* TestableGameSquare.swift */; };
		91E585408AC3660BEDB3102730808187 /* GameBoardTests.swift in Sources */ = {isa = PBXBuildFile; fileRef = 98F173BD85E36070FAADC2C29A8B8145 /* GameBoardTests.swift */; };
		9B46661AF4196D046F40B6EF5843D0C9 /* Pods_Sweeper2Tests.framework in Frameworks */ = {isa = PBXBuildFile; fileRef = 321D75F6C38023826ADF8FD47DCFC9AA /* Pods_Sweeper2Tests.framework */; };
		B71CFB41E922C99EF7F792FF4DB47689 /* Pods_Sweeper2.framework in Frameworks */ = {isa = PBXBuildFile; fileRef = 65014BA92C92CE7902B45C19AF3EF101 /* Pods_Sweeper2.framework */; };
		CE5665D5CF92520CBC0AD7CF469E26CB /* ViewController.swift in Sources */ = {isa = PBXBuildFile; fileRef = DAB24865C7214A93520EA186413B3431 /* ViewController.swift */; };
		E2CA1B61EB474A5A94D907EF1A84322F /* AppDelegate.swift in Sources */ = {isa = PBXBuildFile; fileRef = D05A92BCBD9964F5CC78C9DA5D1D4ECD /* AppDelegate.swift */; };
		EDEA13C40B0B87AA64ABA92E363906C5 /* GameSquareView.swift in Sources */ = {isa = PBXBuildFile; fileRef = 6151D9AA0E73D4A7B0A033524D59E12F /* GameSquareView.swift */; };
/* End PBXBuildFile section */

/* Begin PBXContainerItemProxy section */
		3675837033047EE09BBDE1FAAAC4618D /* PBXContainerItemProxy */ = {
			isa = PBXContainerItemProxy;
			containerPortal = 6599C2FED11C8F164A0E810ED0BE26E9 /* Project object */;
			proxyType = 1;
			remoteGlobalIDString = FACE04F59B5466CB63D3F1A1E8667D81;
			remoteInfo = Sweeper2;
		};
/* End PBXContainerItemProxy section */

/* Begin PBXFileReference section */
		321D75F6C38023826ADF8FD47DCFC9AA /* Pods_Sweeper2Tests.framework */ = {isa = PBXFileReference; explicitFileType = wrapper.framework; includeInIndex = 0; path = Pods_Sweeper2Tests.framework; sourceTree = BUILT_PRODUCTS_DIR; };
		6151D9AA0E73D4A7B0A033524D59E12F /* GameSquareView.swift */ = {isa = PBXFileReference; fileEncoding = 4; lastKnownFileType = sourcecode.swift; name = GameSquareView.swift; path = Sweeper2/Views/GameSquareView.swift; sourceTree = SOURCE_ROOT; };
		65014BA92C92CE7902B45C19AF3EF101 /* Pods_Sweeper2.framework */ = {isa = PBXFileReference; explicitFileType = wrapper.framework; includeInIndex = 0; path = Pods_Sweeper2.framework; sourceTree = BUILT_PRODUCTS_DIR; };
		7265FEDF08767491AA401D3E582F4579 /* Sweeper2Tests.swift */ = {isa = PBXFileReference; lastKnownFileType = sourcecode.swift; path = Sweeper2Tests.swift; sourceTree = "<group>"; };
		7BEAF8D955BFA40D8EC368A421210EAB /* Info.plist */ = {isa = PBXFileReference; lastKnownFileType = text.plist.xml; path = Info.plist; sourceTree = "<group>"; };
		7EBCB5E6E842B58496B4FDC3683A04A0 /* Pods-Sweeper2.debug.xcconfig */ = {isa = PBXFileReference; includeInIndex = 1; lastKnownFileType = text.xcconfig; name = "Pods-Sweeper2.debug.xcconfig"; path = "Pods/Target Support Files/Pods-Sweeper2/Pods-Sweeper2.debug.xcconfig"; sourceTree = "<group>"; };
		976CEB7F712C12F61F7FEA6E94BCDD17 /* GameSquare.swift */ = {isa = PBXFileReference; fileEncoding = 4; lastKnownFileType = sourcecode.swift; path = GameSquare.swift; sourceTree = "<group>"; };
		98F173BD85E36070FAADC2C29A8B8145 /* GameBoardTests.swift */ = {isa = PBXFileReference; fileEncoding = 4; lastKnownFileType = sourcecode.swift; path = GameBoardTests.swift; sourceTree = "<group>"; };
		A2D1AA99A2E73C4CFFF0EBA401D59831 /* Pods-Sweeper2Tests.release.xcconfig */ = {isa = PBXFileReference; includeInIndex = 1; lastKnownFileType = text.xcconfig; name = "Pods-Sweeper2Tests.release.xcconfig"; path = "Pods/Target Support Files/Pods-Sweeper2Tests/Pods-Sweeper2Tests.release.xcconfig"; sourceTree = "<group>"; };
		A5C9B944139B1D5ABAF37A6E8D08CB29 /* Sweeper2Tests.xctest */ = {isa = PBXFileReference; explicitFileType = wrapper.cfbundle; includeInIndex = 0; path = Sweeper2Tests.xctest; sourceTree = BUILT_PRODUCTS_DIR; };
		BA3DCCE6345F151F60C8B0D30B568266 /* Pods-Sweeper2Tests.debug.xcconfig */ = {isa = PBXFileReference; includeInIndex = 1; lastKnownFileType = text.xcconfig; name = "Pods-Sweeper2Tests.debug.xcconfig"; path = "Pods/Target Support Files/Pods-Sweeper2Tests/Pods-Sweeper2Tests.debug.xcconfig"; sourceTree = "<group>"; };
		CDCFDC16463F4742DC5171573F793EBE /* GameSquareViewModel.swift */ = {isa = PBXFileReference; fileEncoding = 4; lastKnownFileType = sourcecode.swift; path = GameSquareViewModel.swift; sourceTree = "<group>"; };
		CF7881FCB20F995A2A61F546F43EEF3B /* Base */ = {isa = PBXFileReference; lastKnownFileType = file.storyboard; name = Base; path = Base.lproj/LaunchScreen.storyboard; sourceTree = "<group>"; };
		D05A92BCBD9964F5CC78C9DA5D1D4ECD /* AppDelegate.swift */ = {isa = PBXFileReference; lastKnownFileType = sourcecode.swift; path = AppDelegate.swift; sourceTree = "<group>"; };
		D1CB480848994F2871B48C5C11323A68 /* Sweeper2.app */ = {isa = PBXFileReference; explicitFileType = wrapper.application; includeInIndex = 0; path = Sweeper2.app; sourceTree = BUILT_PRODUCTS_DIR; };
		D3C577A348D9497BC25A3A91AC9B0905 /* Base */ = {isa = PBXFileReference; lastKnownFileType = file.storyboard; name = Base; path = Base.lproj/Main.storyboard; sourceTree = "<group>"; };
		D7E2442D781E1290415B24D6F1F91315 /* GameBoard.swift */ = {isa = PBXFileReference; fileEncoding = 4; lastKnownFileType = sourcecode.swift; path = GameBoard.swift; sourceTree = "<group>"; };
		DAB24865C7214A93520EA186413B3431 /* ViewController.swift */ = {isa = PBXFileReference; lastKnownFileType = sourcecode.swift; path = ViewController.swift; sourceTree = "<group>"; };
		DBA1E59EF95A0E87341C3DE58C7836F3 /* Pods-Sweeper2.release.xcconfig */ = {isa = PBXFileReference; includeInIndex = 1; lastKnownFileType = text.xcconfig; name = "Pods-Sweeper2.release.xcconfig"; path = "Pods/Target Support Files/Pods-Sweeper2/Pods-Sweeper2.release.xcconfig"; sourceTree = "<group>"; };
		E43ACDEFFE0A593C8DD7F47771BC62F0 /* GameSquareTests.swift */ = {isa = PBXFileReference; fileEncoding = 4; lastKnownFileType = sourcecode.swift; path = GameSquareTests.swift; sourceTree = "<group>"; };
		F42F92ED9E6FE3176BBF064F2BF41FDD /* TestableGameSquare.swift */ = {isa = PBXFileReference; fileEncoding = 4; lastKnownFileType = sourcecode.swift; path = TestableGameSquare.swift; sourceTree = "<group>"; };
		F4FC393B24FCB706BC0953CF1DE36917 /* Assets.xcassets */ = {isa = PBXFileReference; lastKnownFileType = folder.assetcatalog; path = Assets.xcassets; sourceTree = "<group>"; };
		FD428F25E97CCEE76AAA1A1973323DC1 /* Info.plist */ = {isa = PBXFileReference; lastKnownFileType = text.plist.xml; path = Info.plist; sourceTree = "<group>"; };
/* End PBXFileReference section */

/* Begin PBXFrameworksBuildPhase section */
		3A61989A116CB12399D902170BAC9DB8 /* Frameworks */ = {
			isa = PBXFrameworksBuildPhase;
			buildActionMask = 2147483647;
			files = (
				B71CFB41E922C99EF7F792FF4DB47689 /* Pods_Sweeper2.framework in Frameworks */,
			);
			runOnlyForDeploymentPostprocessing = 0;
		};
		49B37B71219D705A4C14E972CC1334D8 /* Frameworks */ = {
			isa = PBXFrameworksBuildPhase;
			buildActionMask = 2147483647;
			files = (
				9B46661AF4196D046F40B6EF5843D0C9 /* Pods_Sweeper2Tests.framework in Frameworks */,
			);
			runOnlyForDeploymentPostprocessing = 0;
		};
/* End PBXFrameworksBuildPhase section */

/* Begin PBXGroup section */
		5B68721A426954C5A6DBAA1DB2DAAEE6 /* Frameworks */ = {
			isa = PBXGroup;
			children = (
				65014BA92C92CE7902B45C19AF3EF101 /* Pods_Sweeper2.framework */,
				321D75F6C38023826ADF8FD47DCFC9AA /* Pods_Sweeper2Tests.framework */,
			);
			name = Frameworks;
			sourceTree = "<group>";
		};
		CA548E8464415C771DCF1EB273F9C55F /* ViewModels */ = {
			isa = PBXGroup;
			children = (
				CDCFDC16463F4742DC5171573F793EBE /* GameSquareViewModel.swift */,
			);
			path = ViewModels;
			sourceTree = "<group>";
		};
		3315C2F7BBE0805F76E18FC916D6F61A = {
			isa = PBXGroup;
			children = (
				5B68721A426954C5A6DBAA1DB2DAAEE6 /* Frameworks */,
				6500FCBAC9F3C460903387E61F788B78 /* Pods */,
				629EE7BF23EA45CC729F6137FFF3FE95 /* Products */,
				63EB51BCD5434749DE206C2B5B4C8A57 /* Sweeper2 */,
				C6F93E9A967A86FF9D50ACB31DD0B6C2 /* Sweeper2Tests */,
			);
			sourceTree = "<group>";
		};
		629EE7BF23EA45CC729F6137FFF3FE95 /* Products */ = {
			isa = PBXGroup;
			children = (
				D1CB480848994F2871B48C5C11323A68 /* Sweeper2.app */,
				A5C9B944139B1D5ABAF37A6E8D08CB29 /* Sweeper2Tests.xctest */,
			);
			name = Products;
			sourceTree = "<group>";
		};
		63EB51BCD5434749DE206C2B5B4C8A57 /* Sweeper2 */ = {
			isa = PBXGroup;
			children = (
				F44DFDAC314F38E774BCB5222A3B7671 /* Models */,
				CA548E8464415C771DCF1EB273F9C55F /* ViewModels */,
				14C9925780CCC30290301D91298D9B84 /* Views */,
				D05A92BCBD9964F5CC78C9DA5D1D4ECD /* AppDelegate.swift */,
				F4FC393B24FCB706BC0953CF1DE36917 /* Assets.xcassets */,
				FD428F25E97CCEE76AAA1A1973323DC1 /* Info.plist */,
				E91363827B71C3539216514BC7238B00 /* LaunchScreen.storyboard */,
				599C63A0501A25C5FDCEB26FB873053A /* Main.storyboard */,
				DAB24865C7214A93520EA186413B3431 /* ViewController.swift */,
			);
			path = Sweeper2;
			sourceTree = "<group>";
		};
		C6F93E9A967A86FF9D50ACB31DD0B6C2 /* Sweeper2Tests */ = {
			isa = PBXGroup;
			children = (
				800E92325A54F0645D56B00098E1763F /* Mocks */,
				98F173BD85E36070FAADC2C29A8B8145 /* GameBoardTests.swift */,
				E43ACDEFFE0A593C8DD7F47771BC62F0 /* GameSquareTests.swift */,
				7BEAF8D955BFA40D8EC368A421210EAB /* Info.plist */,
				7265FEDF08767491AA401D3E582F4579 /* Sweeper2Tests.swift */,
			);
			path = Sweeper2Tests;
			sourceTree = "<group>";
		};
		F44DFDAC314F38E774BCB5222A3B7671 /* Models */ = {
			isa = PBXGroup;
			children = (
				D7E2442D781E1290415B24D6F1F91315 /* GameBoard.swift */,
				976CEB7F712C12F61F7FEA6E94BCDD17 /* GameSquare.swift */,
			);
			path = Models;
			sourceTree = "<group>";
		};
		800E92325A54F0645D56B00098E1763F /* Mocks */ = {
			isa = PBXGroup;
			children = (
				F42F92ED9E6FE3176BBF064F2BF41FDD /* TestableGameSquare.swift */,
			);
			path = Mocks;
			sourceTree = "<group>";
		};
		14C9925780CCC30290301D91298D9B84 /* Views */ = {
			isa = PBXGroup;
			children = (
				6151D9AA0E73D4A7B0A033524D59E12F /* GameSquareView.swift */,
			);
			path = Views;
			sourceTree = "<group>";
		};
		6500FCBAC9F3C460903387E61F788B78 /* Pods */ = {
			isa = PBXGroup;
			children = (
				7EBCB5E6E842B58496B4FDC3683A04A0 /* Pods-Sweeper2.debug.xcconfig */,
				DBA1E59EF95A0E87341C3DE58C7836F3 /* Pods-Sweeper2.release.xcconfig */,
				BA3DCCE6345F151F60C8B0D30B568266 /* Pods-Sweeper2Tests.debug.xcconfig */,
				A2D1AA99A2E73C4CFFF0EBA401D59831 /* Pods-Sweeper2Tests.release.xcconfig */,
			);
			name = Pods;
			sourceTree = "<group>";
		};
/* End PBXGroup section */

/* Begin PBXNativeTarget section */
		FACE04F59B5466CB63D3F1A1E8667D81 /* Sweeper2 */ = {
			isa = PBXNativeTarget;
			buildConfigurationList = BB82795D3F90061CFCCFBAB30252B44F /* Build configuration list for PBXNativeTarget "Sweeper2" */;
			buildPhases = (
				77E296EC431E9724680420A5DE716F9D /* [CP] Check Pods Manifest.lock */,
				0E62296F950C23011F4CB523A6430F0A /* Sources */,
				3A61989A116CB12399D902170BAC9DB8 /* Frameworks */,
				D2BCFC65E4C716CBC34B921A54DF2D3F /* Resources */,
				BEAEE02482E656E9D4AFAB875C78C39C /* [CP] Embed Pods Frameworks */,
				48775F618FF7F4A41BC8BC563F177F96 /* [CP] Copy Pods Resources */,
			);
			buildRules = (
			);
			dependencies = (
			);
			name = Sweeper2;
			productName = Sweeper2;
			productReference = D1CB480848994F2871B48C5C11323A68 /* Sweeper2.app */;
			productType = "com.apple.product-type.application";
		};
		1495C23D79BE5B189085A498A9094EFB /* Sweeper2Tests */ = {
			isa = PBXNativeTarget;
			buildConfigurationList = B055246ED0D8046F8DF2AF6D12603EBC /* Build configuration list for PBXNativeTarget "Sweeper2Tests" */;
			buildPhases = (
				55639A182CFB086B22D367022281D886 /* [CP] Check Pods Manifest.lock */,
				A4E1698FC3969BC09B0E2719AE481B2A /* Sources */,
				49B37B71219D705A4C14E972CC1334D8 /* Frameworks */,
				166B2C18E3228EF3FE1E755F4FF477CF /* Resources */,
				9322196EBCC1298DE2817D4E7659C760 /* [CP] Embed Pods Frameworks */,
				F549574740BB8EB5FB36EA6A3C79ACEC /* [CP] Copy Pods Resources */,
			);
			buildRules = (
			);
			dependencies = (
				2A83200AFE5CE73EE9687EC86F1E3FCA /* PBXTargetDependency */,
			);
			name = Sweeper2Tests;
			productName = Sweeper2Tests;
			productReference = A5C9B944139B1D5ABAF37A6E8D08CB29 /* Sweeper2Tests.xctest */;
			productType = "com.apple.product-type.bundle.unit-test";
		};
/* End PBXNativeTarget section */

/* Begin PBXProject section */
		6599C2FED11C8F164A0E810ED0BE26E9 /* Project object */ = {
			isa = PBXProject;
			attributes = {
				LastSwiftUpdateCheck = 0800;
				LastUpgradeCheck = 0800;
				ORGANIZATIONNAME = "Michael Chaffee";
				TargetAttributes = {
					FACE04F59B5466CB63D3F1A1E8667D81 = {
						CreatedOnToolsVersion = 8.0;
						DevelopmentTeam = H7TG4MJ93Z;
						ProvisioningStyle = Automatic;
					};
					1495C23D79BE5B189085A498A9094EFB = {
						CreatedOnToolsVersion = 8.0;
						DevelopmentTeam = H7TG4MJ93Z;
						ProvisioningStyle = Automatic;
						TestTargetID = FACE04F59B5466CB63D3F1A1E8667D81;
					};
				};
			};
			buildConfigurationList = 6F1898EB1AB12E9290DB6748A582B31D /* Build configuration list for PBXProject "Sweeper2" */;
			compatibilityVersion = "Xcode 3.2";
			developmentRegion = English;
			hasScannedForEncodings = 0;
			knownRegions = (
				en,
				Base,
			);
			mainGroup = 3315C2F7BBE0805F76E18FC916D6F61A;
			productRefGroup = 629EE7BF23EA45CC729F6137FFF3FE95 /* Products */;
			projectDirPath = "";
			projectRoot = "";
			targets = (
				FACE04F59B5466CB63D3F1A1E8667D81 /* Sweeper2 */,
				1495C23D79BE5B189085A498A9094EFB /* Sweeper2Tests */,
			);
		};
/* End PBXProject section */

/* Begin PBXResourcesBuildPhase section */
		D2BCFC65E4C716CBC34B921A54DF2D3F /* Resources */ = {
			isa = PBXResourcesBuildPhase;
			buildActionMask = 2147483647;
			files = (
				25DF376A79E5F66345A379933B453DAD /* Assets.xcassets in Resources */,
				2B29C774A14C671504936CD9BD9CE541 /* LaunchScreen.storyboard in Resources */,
				333AB6764F8435417E5E995DF398F27D /* Main.storyboard in Resources */,
			);
			runOnlyForDeploymentPostprocessing = 0;
		};
		166B2C18E3228EF3FE1E755F4FF477CF /* Resources */ = {
			isa = PBXResourcesBuildPhase;
			buildActionMask = 2147483647;
			files = (
			);
			runOnlyForDeploymentPostprocessing = 0;
		};
/* End PBXResourcesBuildPhase section */

/* Begin PBXShellScriptBuildPhase section */
		55639A182CFB086B22D367022281D886 /* [CP] Check Pods Manifest.lock */ = {
			isa = PBXShellScriptBuildPhase;
			buildActionMask = 2147483647;
			files = (
			);
			inputPaths = (
			);
			name = "[CP] Check Pods Manifest.lock";
			outputPaths = (
			);
			runOnlyForDeploymentPostprocessing = 0;
			shellPath = /bin/sh;
			shellScript = "diff \"${PODS_ROOT}/../Podfile.lock\" \"${PODS_ROOT}/Manifest.lock\" > /dev/null\nif [ $? != 0 ] ; then\n    # print error to STDERR\n    echo \"error: The sandbox is not in sync with the Podfile.lock. Run 'pod install' or update your CocoaPods installation.\" >&2\n    exit 1\nfi\n";
			showEnvVarsInLog = 0;
		};
		BEAEE02482E656E9D4AFAB875C78C39C /* [CP] Embed Pods Frameworks */ = {
			isa = PBXShellScriptBuildPhase;
			buildActionMask = 2147483647;
			files = (
			);
			inputPaths = (
			);
			name = "[CP] Embed Pods Frameworks";
			outputPaths = (
			);
			runOnlyForDeploymentPostprocessing = 0;
			shellPath = /bin/sh;
			shellScript = "\"${SRCROOT}/Pods/Target Support Files/Pods-Sweeper2/Pods-Sweeper2-frameworks.sh\"\n";
			showEnvVarsInLog = 0;
		};
		F549574740BB8EB5FB36EA6A3C79ACEC /* [CP] Copy Pods Resources */ = {
			isa = PBXShellScriptBuildPhase;
			buildActionMask = 2147483647;
			files = (
			);
			inputPaths = (
			);
			name = "[CP] Copy Pods Resources";
			outputPaths = (
			);
			runOnlyForDeploymentPostprocessing = 0;
			shellPath = /bin/sh;
			shellScript = "\"${SRCROOT}/Pods/Target Support Files/Pods-Sweeper2Tests/Pods-Sweeper2Tests-resources.sh\"\n";
			showEnvVarsInLog = 0;
		};
		9322196EBCC1298DE2817D4E7659C760 /* [CP] Embed Pods Frameworks */ = {
			isa = PBXShellScriptBuildPhase;
			buildActionMask = 2147483647;
			files = (
			);
			inputPaths = (
			);
			name = "[CP] Embed Pods Frameworks";
			outputPaths = (
			);
			runOnlyForDeploymentPostprocessing = 0;
			shellPath = /bin/sh;
			shellScript = "\"${SRCROOT}/Pods/Target Support Files/Pods-Sweeper2Tests/Pods-Sweeper2Tests-frameworks.sh\"\n";
			showEnvVarsInLog = 0;
		};
		48775F618FF7F4A41BC8BC563F177F96 /* [CP] Copy Pods Resources */ = {
			isa = PBXShellScriptBuildPhase;
			buildActionMask = 2147483647;
			files = (
			);
			inputPaths = (
			);
			name = "[CP] Copy Pods Resources";
			outputPaths = (
			);
			runOnlyForDeploymentPostprocessing = 0;
			shellPath = /bin/sh;
			shellScript = "\"${SRCROOT}/Pods/Target Support Files/Pods-Sweeper2/Pods-Sweeper2-resources.sh\"\n";
			showEnvVarsInLog = 0;
		};
		77E296EC431E9724680420A5DE716F9D /* [CP] Check Pods Manifest.lock */ = {
			isa = PBXShellScriptBuildPhase;
			buildActionMask = 2147483647;
			files = (
			);
			inputPaths = (
			);
			name = "[CP] Check Pods Manifest.lock";
			outputPaths = (
			);
			runOnlyForDeploymentPostprocessing = 0;
			shellPath = /bin/sh;
			shellScript = "diff \"${PODS_ROOT}/../Podfile.lock\" \"${PODS_ROOT}/Manifest.lock\" > /dev/null\nif [ $? != 0 ] ; then\n    # print error to STDERR\n    echo \"error: The sandbox is not in sync with the Podfile.lock. Run 'pod install' or update your CocoaPods installation.\" >&2\n    exit 1\nfi\n";
			showEnvVarsInLog = 0;
		};
/* End PBXShellScriptBuildPhase section */

/* Begin PBXSourcesBuildPhase section */
		0E62296F950C23011F4CB523A6430F0A /* Sources */ = {
			isa = PBXSourcesBuildPhase;
			buildActionMask = 2147483647;
			files = (
				E2CA1B61EB474A5A94D907EF1A84322F /* AppDelegate.swift in Sources */,
				6B50F568CC25F526300674B54B0E99AE /* GameBoard.swift in Sources */,
				576C4D195A12F8F61E74A0FAA1773094 /* GameSquare.swift in Sources */,
				EDEA13C40B0B87AA64ABA92E363906C5 /* GameSquareView.swift in Sources */,
				702CAA95FACFD2DDC33F947CEE01FA30 /* GameSquareViewModel.swift in Sources */,
				CE5665D5CF92520CBC0AD7CF469E26CB /* ViewController.swift in Sources */,
			);
			runOnlyForDeploymentPostprocessing = 0;
		};
		A4E1698FC3969BC09B0E2719AE481B2A /* Sources */ = {
			isa = PBXSourcesBuildPhase;
			buildActionMask = 2147483647;
			files = (
				91E585408AC3660BEDB3102730808187 /* GameBoardTests.swift in Sources */,
				821052E2F65B5C8BD4892A261BEF544F /* GameSquareTests.swift in Sources */,
				37D6D5BFF0A3F9E46EBF27BBF4A18969 /* Sweeper2Tests.swift in Sources */,
				8E557B6FA947E2D3A82803A2A373857E /* TestableGameSquare.swift in Sources */,
			);
			runOnlyForDeploymentPostprocessing = 0;
		};
/* End PBXSourcesBuildPhase section */

/* Begin PBXTargetDependency section */
		2A83200AFE5CE73EE9687EC86F1E3FCA /* PBXTargetDependency */ = {
			isa = PBXTargetDependency;
			target = FACE04F59B5466CB63D3F1A1E8667D81 /* Sweeper2 */;
			targetProxy = 3675837033047EE09BBDE1FAAAC4618D /* PBXContainerItemProxy */;
		};
/* End PBXTargetDependency section */

/* Begin PBXVariantGroup section */
		599C63A0501A25C5FDCEB26FB873053A /* Main.storyboard */ = {
			isa = PBXVariantGroup;
			children = (
				D3C577A348D9497BC25A3A91AC9B0905 /* Base */,
			);
			name = Main.storyboard;
			sourceTree = "<group>";
		};
		E91363827B71C3539216514BC7238B00 /* LaunchScreen.storyboard */ = {
			isa = PBXVariantGroup;
			children = (
				CF7881FCB20F995A2A61F546F43EEF3B /* Base */,
			);
			name = LaunchScreen.storyboard;
			sourceTree = "<group>";
		};
/* End PBXVariantGroup section */

/* Begin XCBuildConfiguration section */
		3A0CE4668C8287D3202D61FE49AA2406 /* Debug */ = {
			isa = XCBuildConfiguration;
			buildSettings = {
				ALWAYS_SEARCH_USER_PATHS = NO;
				CLANG_ANALYZER_NONNULL = YES;
				CLANG_CXX_LANGUAGE_STANDARD = "gnu++0x";
				CLANG_CXX_LIBRARY = "libc++";
				CLANG_ENABLE_MODULES = YES;
				CLANG_ENABLE_OBJC_ARC = YES;
				CLANG_WARN_BOOL_CONVERSION = YES;
				CLANG_WARN_CONSTANT_CONVERSION = YES;
				CLANG_WARN_DIRECT_OBJC_ISA_USAGE = YES_ERROR;
				CLANG_WARN_DOCUMENTATION_COMMENTS = YES;
				CLANG_WARN_EMPTY_BODY = YES;
				CLANG_WARN_ENUM_CONVERSION = YES;
				CLANG_WARN_INFINITE_RECURSION = YES;
				CLANG_WARN_INT_CONVERSION = YES;
				CLANG_WARN_OBJC_ROOT_CLASS = YES_ERROR;
				CLANG_WARN_SUSPICIOUS_MOVES = YES;
				CLANG_WARN_UNREACHABLE_CODE = YES;
				CLANG_WARN__DUPLICATE_METHOD_MATCH = YES;
				"CODE_SIGN_IDENTITY[sdk=iphoneos*]" = "iPhone Developer";
				COPY_PHASE_STRIP = NO;
				DEBUG_INFORMATION_FORMAT = dwarf;
				ENABLE_STRICT_OBJC_MSGSEND = YES;
				ENABLE_TESTABILITY = YES;
				GCC_C_LANGUAGE_STANDARD = gnu99;
				GCC_DYNAMIC_NO_PIC = NO;
				GCC_NO_COMMON_BLOCKS = YES;
				GCC_OPTIMIZATION_LEVEL = 0;
				GCC_PREPROCESSOR_DEFINITIONS = (
					"DEBUG=1",
					"$(inherited)",
				);
				GCC_WARN_64_TO_32_BIT_CONVERSION = YES;
				GCC_WARN_ABOUT_RETURN_TYPE = YES_ERROR;
				GCC_WARN_UNDECLARED_SELECTOR = YES;
				GCC_WARN_UNINITIALIZED_AUTOS = YES_AGGRESSIVE;
				GCC_WARN_UNUSED_FUNCTION = YES;
				GCC_WARN_UNUSED_VARIABLE = YES;
				IPHONEOS_DEPLOYMENT_TARGET = 10.0;
				MTL_ENABLE_DEBUG_INFO = YES;
				ONLY_ACTIVE_ARCH = YES;
				SDKROOT = iphoneos;
				SWIFT_ACTIVE_COMPILATION_CONDITIONS = DEBUG;
				SWIFT_OPTIMIZATION_LEVEL = "-Onone";
				TARGETED_DEVICE_FAMILY = "1,2";
			};
			name = Debug;
		};
		11D2AE26F95FDF88AAD2A999E035EE26 /* Release */ = {
			isa = XCBuildConfiguration;
			buildSettings = {
				ALWAYS_SEARCH_USER_PATHS = NO;
				CLANG_ANALYZER_NONNULL = YES;
				CLANG_CXX_LANGUAGE_STANDARD = "gnu++0x";
				CLANG_CXX_LIBRARY = "libc++";
				CLANG_ENABLE_MODULES = YES;
				CLANG_ENABLE_OBJC_ARC = YES;
				CLANG_WARN_BOOL_CONVERSION = YES;
				CLANG_WARN_CONSTANT_CONVERSION = YES;
				CLANG_WARN_DIRECT_OBJC_ISA_USAGE = YES_ERROR;
				CLANG_WARN_DOCUMENTATION_COMMENTS = YES;
				CLANG_WARN_EMPTY_BODY = YES;
				CLANG_WARN_ENUM_CONVERSION = YES;
				CLANG_WARN_INFINITE_RECURSION = YES;
				CLANG_WARN_INT_CONVERSION = YES;
				CLANG_WARN_OBJC_ROOT_CLASS = YES_ERROR;
				CLANG_WARN_SUSPICIOUS_MOVES = YES;
				CLANG_WARN_UNREACHABLE_CODE = YES;
				CLANG_WARN__DUPLICATE_METHOD_MATCH = YES;
				"CODE_SIGN_IDENTITY[sdk=iphoneos*]" = "iPhone Developer";
				COPY_PHASE_STRIP = NO;
				DEBUG_INFORMATION_FORMAT = "dwarf-with-dsym";
				ENABLE_NS_ASSERTIONS = NO;
				ENABLE_STRICT_OBJC_MSGSEND = YES;
				GCC_C_LANGUAGE_STANDARD = gnu99;
				GCC_NO_COMMON_BLOCKS = YES;
				GCC_WARN_64_TO_32_BIT_CONVERSION = YES;
				GCC_WARN_ABOUT_RETURN_TYPE = YES_ERROR;
				GCC_WARN_UNDECLARED_SELECTOR = YES;
				GCC_WARN_UNINITIALIZED_AUTOS = YES_AGGRESSIVE;
				GCC_WARN_UNUSED_FUNCTION = YES;
				GCC_WARN_UNUSED_VARIABLE = YES;
				IPHONEOS_DEPLOYMENT_TARGET = 10.0;
				MTL_ENABLE_DEBUG_INFO = NO;
				SDKROOT = iphoneos;
				SWIFT_OPTIMIZATION_LEVEL = "-Owholemodule";
				TARGETED_DEVICE_FAMILY = "1,2";
				VALIDATE_PRODUCT = YES;
			};
			name = Release;
		};
		3843671C4CFB56EB6BB3C83FC3E06BB0 /* Debug */ = {
			isa = XCBuildConfiguration;
			baseConfigurationReference = 7EBCB5E6E842B58496B4FDC3683A04A0 /* Pods-Sweeper2.debug.xcconfig */;
			buildSettings = {
				ASSETCATALOG_COMPILER_APPICON_NAME = AppIcon;
				DEVELOPMENT_TEAM = H7TG4MJ93Z;
				INFOPLIST_FILE = Sweeper2/Info.plist;
				LD_RUNPATH_SEARCH_PATHS = "$(inherited) @executable_path/Frameworks";
				PRODUCT_BUNDLE_IDENTIFIER = com.chaf.Sweeper2;
				PRODUCT_NAME = "$(TARGET_NAME)";
				SWIFT_VERSION = 3.0;
			};
			name = Debug;
		};
		E3C20CE74BE71AAAA9269E6B6C189554 /* Release */ = {
			isa = XCBuildConfiguration;
			baseConfigurationReference = DBA1E59EF95A0E87341C3DE58C7836F3 /* Pods-Sweeper2.release.xcconfig */;
			buildSettings = {
				ASSETCATALOG_COMPILER_APPICON_NAME = AppIcon;
				DEVELOPMENT_TEAM = H7TG4MJ93Z;
				INFOPLIST_FILE = Sweeper2/Info.plist;
				LD_RUNPATH_SEARCH_PATHS = "$(inherited) @executable_path/Frameworks";
				PRODUCT_BUNDLE_IDENTIFIER = com.chaf.Sweeper2;
				PRODUCT_NAME = "$(TARGET_NAME)";
				SWIFT_VERSION = 3.0;
			};
			name = Release;
		};
		C7C697B1F71B6B293F4681F34828C2C3 /* Debug */ = {
			isa = XCBuildConfiguration;
			baseConfigurationReference = BA3DCCE6345F151F60C8B0D30B568266 /* Pods-Sweeper2Tests.debug.xcconfig */;
			buildSettings = {
				ALWAYS_EMBED_SWIFT_STANDARD_LIBRARIES = YES;
				BUNDLE_LOADER = "$(TEST_HOST)";
				DEVELOPMENT_TEAM = H7TG4MJ93Z;
				INFOPLIST_FILE = Sweeper2Tests/Info.plist;
				LD_RUNPATH_SEARCH_PATHS = "$(inherited) @executable_path/Frameworks @loader_path/Frameworks";
				PRODUCT_BUNDLE_IDENTIFIER = com.chaf.Sweeper2Tests;
				PRODUCT_NAME = "$(TARGET_NAME)";
				SWIFT_VERSION = 3.0;
				TEST_HOST = "$(BUILT_PRODUCTS_DIR)/Sweeper2.app/Sweeper2";
			};
			name = Debug;
		};
		5065F65EC5EC371960BDFECF9C12C592 /* Release */ = {
			isa = XCBuildConfiguration;
			baseConfigurationReference = A2D1AA99A2E73C4CFFF0EBA401D59831 /* Pods-Sweeper2Tests.release.xcconfig */;
			buildSettings = {
				ALWAYS_EMBED_SWIFT_STANDARD_LIBRARIES = YES;
				BUNDLE_LOADER = "$(TEST_HOST)";
				DEVELOPMENT_TEAM = H7TG4MJ93Z;
				INFOPLIST_FILE = Sweeper2Tests/Info.plist;
				LD_RUNPATH_SEARCH_PATHS = "$(inherited) @executable_path/Frameworks @loader_path/Frameworks";
				PRODUCT_BUNDLE_IDENTIFIER = com.chaf.Sweeper2Tests;
				PRODUCT_NAME = "$(TARGET_NAME)";
				SWIFT_VERSION = 3.0;
				TEST_HOST = "$(BUILT_PRODUCTS_DIR)/Sweeper2.app/Sweeper2";
			};
			name = Release;
		};
/* End XCBuildConfiguration section */

/* Begin XCConfigurationList section */
		6F1898EB1AB12E9290DB6748A582B31D /* Build configuration list for PBXProject "Sweeper2" */ = {
			isa = XCConfigurationList;
			buildConfigurations = (
				3A0CE4668C8287D3202D61FE49AA2406 /* Debug */,
				11D2AE26F95FDF88AAD2A999E035EE26 /* Release */,
			);
			defaultConfigurationIsVisible = 0;
			defaultConfigurationName = Release;
		};
		BB82795D3F90061CFCCFBAB30252B44F /* Build configuration list for PBXNativeTarget "Sweeper2" */ = {
			isa = XCConfigurationList;
			buildConfigurations = (
				3843671C4CFB56EB6BB3C83FC3E06BB0 /* Debug */,
				E3C20CE74BE71AAAA9269E6B6C189554 /* Release */,
			);
			defaultConfigurationIsVisible = 0;
			defaultConfigurationName = Release;
		};
		B055246ED0D8046F8DF2AF6D12603EBC /* Build configuration list for PBXNativeTarget "Sweeper2Tests" */ = {
			isa = XCConfigurationList;
			buildConfigurations = (
				C7C697B1F71B6B293F4681F34828C2C3 /* Debug */,
				5065F65EC5EC371960BDFECF9C12C592 /* Release */,
			);
			defaultConfigurationIsVisible = 0;
			defaultConfigurationName = Release;
		};
/* End XCConfigurationList section */
	};
	rootObject = 6599C2FED11C8F164A0E810ED0BE26E9 /* Project object */;
}
